
Microsoft Visual Studio Solution File, Format Version 12.00
# Visual Studio 15
Project("{FAE04EC0-301F-11D3-BF4B-00C04F79EFBC}") = "TelegramBot", "TelegramBot\TelegramBot.csproj", "{A1741870-FE3A-459B-9AED-4D735466D9D6}"
EndProject
Project("{FAE04EC0-301F-11D3-BF4B-00C04F79EFBC}") = "JsonResponse", "JsonResponse\JsonResponse.csproj", "{271EB337-8074-49B7-A7FD-43AFAA927B7F}"
EndProject
Global
	GlobalSection(SolutionConfigurationPlatforms) = preSolution
		Debug|Any CPU = Debug|Any CPU
		Release|Any CPU = Release|Any CPU
	EndGlobalSection
	GlobalSection(ProjectConfigurationPlatforms) = postSolution
		{A1741870-FE3A-459B-9AED-4D735466D9D6}.Debug|Any CPU.ActiveCfg = Debug|Any CPU
		{A1741870-FE3A-459B-9AED-4D735466D9D6}.Debug|Any CPU.Build.0 = Debug|Any CPU
		{A1741870-FE3A-459B-9AED-4D735466D9D6}.Release|Any CPU.ActiveCfg = Release|Any CPU
		{A1741870-FE3A-459B-9AED-4D735466D9D6}.Release|Any CPU.Build.0 = Release|Any CPU
		{271EB337-8074-49B7-A7FD-43AFAA927B7F}.Debug|Any CPU.ActiveCfg = Debug|Any CPU
		{271EB337-8074-49B7-A7FD-43AFAA927B7F}.Debug|Any CPU.Build.0 = Debug|Any CPU
		{271EB337-8074-49B7-A7FD-43AFAA927B7F}.Release|Any CPU.ActiveCfg = Release|Any CPU
		{271EB337-8074-49B7-A7FD-43AFAA927B7F}.Release|Any CPU.Build.0 = Release|Any CPU
	EndGlobalSection
EndGlobal
